// !$*UTF8*$!
{
	archiveVersion = 1;
	classes = {
	};
	objectVersion = 46;
	objects = {

/* Begin PBXBuildFile section */
		2F20856D19B8BC6E0061E60F /* Foundation.framework in Frameworks */ = {isa = PBXBuildFile; fileRef = 2F20856C19B8BC6E0061E60F /* Foundation.framework */; };
		2F20856F19B8BC6E0061E60F /* CoreGraphics.framework in Frameworks */ = {isa = PBXBuildFile; fileRef = 2F20856E19B8BC6E0061E60F /* CoreGraphics.framework */; };
		2F20857119B8BC6E0061E60F /* UIKit.framework in Frameworks */ = {isa = PBXBuildFile; fileRef = 2F20857019B8BC6E0061E60F /* UIKit.framework */; };
		2F20857719B8BC6E0061E60F /* InfoPlist.strings in Resources */ = {isa = PBXBuildFile; fileRef = 2F20857519B8BC6E0061E60F /* InfoPlist.strings */; };
		2F20857919B8BC6E0061E60F /* main.m in Sources */ = {isa = PBXBuildFile; fileRef = 2F20857819B8BC6E0061E60F /* main.m */; };
		2F20857D19B8BC6E0061E60F /* LSAppDelegate.m in Sources */ = {isa = PBXBuildFile; fileRef = 2F20857C19B8BC6E0061E60F /* LSAppDelegate.m */; };
		2F20857F19B8BC6E0061E60F /* Images.xcassets in Resources */ = {isa = PBXBuildFile; fileRef = 2F20857E19B8BC6E0061E60F /* Images.xcassets */; };
		2F20858619B8BC6E0061E60F /* XCTest.framework in Frameworks */ = {isa = PBXBuildFile; fileRef = 2F20858519B8BC6E0061E60F /* XCTest.framework */; };
		2F20858719B8BC6E0061E60F /* Foundation.framework in Frameworks */ = {isa = PBXBuildFile; fileRef = 2F20856C19B8BC6E0061E60F /* Foundation.framework */; };
		2F20858819B8BC6E0061E60F /* UIKit.framework in Frameworks */ = {isa = PBXBuildFile; fileRef = 2F20857019B8BC6E0061E60F /* UIKit.framework */; };
		2F20859019B8BC6E0061E60F /* InfoPlist.strings in Resources */ = {isa = PBXBuildFile; fileRef = 2F20858E19B8BC6E0061E60F /* InfoPlist.strings */; };
		2F20859219B8BC6E0061E60F /* WhereWeAreTests.m in Sources */ = {isa = PBXBuildFile; fileRef = 2F20859119B8BC6E0061E60F /* WhereWeAreTests.m */; };
		2F20859D19B8C03B0061E60F /* PushHandler.m in Sources */ = {isa = PBXBuildFile; fileRef = 2F20859C19B8C03B0061E60F /* PushHandler.m */; };
/* End PBXBuildFile section */

/* Begin PBXContainerItemProxy section */
		2F20858919B8BC6E0061E60F /* PBXContainerItemProxy */ = {
			isa = PBXContainerItemProxy;
			containerPortal = 2F20856119B8BC6E0061E60F /* Project object */;
			proxyType = 1;
			remoteGlobalIDString = 2F20856819B8BC6E0061E60F;
			remoteInfo = WhereWeAre;
		};
/* End PBXContainerItemProxy section */

/* Begin PBXFileReference section */
		2F20856919B8BC6E0061E60F /* WhereWeAre.app */ = {isa = PBXFileReference; explicitFileType = wrapper.application; includeInIndex = 0; path = WhereWeAre.app; sourceTree = BUILT_PRODUCTS_DIR; };
		2F20856C19B8BC6E0061E60F /* Foundation.framework */ = {isa = PBXFileReference; lastKnownFileType = wrapper.framework; name = Foundation.framework; path = System/Library/Frameworks/Foundation.framework; sourceTree = SDKROOT; };
		2F20856E19B8BC6E0061E60F /* CoreGraphics.framework */ = {isa = PBXFileReference; lastKnownFileType = wrapper.framework; name = CoreGraphics.framework; path = System/Library/Frameworks/CoreGraphics.framework; sourceTree = SDKROOT; };
		2F20857019B8BC6E0061E60F /* UIKit.framework */ = {isa = PBXFileReference; lastKnownFileType = wrapper.framework; name = UIKit.framework; path = System/Library/Frameworks/UIKit.framework; sourceTree = SDKROOT; };
		2F20857419B8BC6E0061E60F /* WhereWeAre-Info.plist */ = {isa = PBXFileReference; lastKnownFileType = text.plist.xml; path = "WhereWeAre-Info.plist"; sourceTree = "<group>"; };
		2F20857619B8BC6E0061E60F /* en */ = {isa = PBXFileReference; lastKnownFileType = text.plist.strings; name = en; path = en.lproj/InfoPlist.strings; sourceTree = "<group>"; };
		2F20857819B8BC6E0061E60F /* main.m */ = {isa = PBXFileReference; lastKnownFileType = sourcecode.c.objc; path = main.m; sourceTree = "<group>"; };
		2F20857A19B8BC6E0061E60F /* WhereWeAre-Prefix.pch */ = {isa = PBXFileReference; lastKnownFileType = sourcecode.c.h; path = "WhereWeAre-Prefix.pch"; sourceTree = "<group>"; };
		2F20857B19B8BC6E0061E60F /* LSAppDelegate.h */ = {isa = PBXFileReference; lastKnownFileType = sourcecode.c.h; path = LSAppDelegate.h; sourceTree = "<group>"; };
		2F20857C19B8BC6E0061E60F /* LSAppDelegate.m */ = {isa = PBXFileReference; lastKnownFileType = sourcecode.c.objc; path = LSAppDelegate.m; sourceTree = "<group>"; };
		2F20857E19B8BC6E0061E60F /* Images.xcassets */ = {isa = PBXFileReference; lastKnownFileType = folder.assetcatalog; path = Images.xcassets; sourceTree = "<group>"; };
		2F20858419B8BC6E0061E60F /* WhereWeAreTests.xctest */ = {isa = PBXFileReference; explicitFileType = wrapper.cfbundle; includeInIndex = 0; path = WhereWeAreTests.xctest; sourceTree = BUILT_PRODUCTS_DIR; };
		2F20858519B8BC6E0061E60F /* XCTest.framework */ = {isa = PBXFileReference; lastKnownFileType = wrapper.framework; name = XCTest.framework; path = Library/Frameworks/XCTest.framework; sourceTree = DEVELOPER_DIR; };
		2F20858D19B8BC6E0061E60F /* WhereWeAreTests-Info.plist */ = {isa = PBXFileReference; lastKnownFileType = text.plist.xml; path = "WhereWeAreTests-Info.plist"; sourceTree = "<group>"; };
		2F20858F19B8BC6E0061E60F /* en */ = {isa = PBXFileReference; lastKnownFileType = text.plist.strings; name = en; path = en.lproj/InfoPlist.strings; sourceTree = "<group>"; };
		2F20859119B8BC6E0061E60F /* WhereWeAreTests.m */ = {isa = PBXFileReference; lastKnownFileType = sourcecode.c.objc; path = WhereWeAreTests.m; sourceTree = "<group>"; };
		2F20859B19B8C03B0061E60F /* PushHandler.h */ = {isa = PBXFileReference; fileEncoding = 4; lastKnownFileType = sourcecode.c.h; path = PushHandler.h; sourceTree = "<group>"; };
		2F20859C19B8C03B0061E60F /* PushHandler.m */ = {isa = PBXFileReference; fileEncoding = 4; lastKnownFileType = sourcecode.c.objc; path = PushHandler.m; sourceTree = "<group>"; };
/* End PBXFileReference section */

/* Begin PBXFrameworksBuildPhase section */
		2F20856619B8BC6E0061E60F /* Frameworks */ = {
			isa = PBXFrameworksBuildPhase;
			buildActionMask = 2147483647;
			files = (
				2F20856F19B8BC6E0061E60F /* CoreGraphics.framework in Frameworks */,
				2F20857119B8BC6E0061E60F /* UIKit.framework in Frameworks */,
				2F20856D19B8BC6E0061E60F /* Foundation.framework in Frameworks */,
			);
			runOnlyForDeploymentPostprocessing = 0;
		};
		2F20858119B8BC6E0061E60F /* Frameworks */ = {
			isa = PBXFrameworksBuildPhase;
			buildActionMask = 2147483647;
			files = (
				2F20858619B8BC6E0061E60F /* XCTest.framework in Frameworks */,
				2F20858819B8BC6E0061E60F /* UIKit.framework in Frameworks */,
				2F20858719B8BC6E0061E60F /* Foundation.framework in Frameworks */,
			);
			runOnlyForDeploymentPostprocessing = 0;
		};
/* End PBXFrameworksBuildPhase section */

/* Begin PBXGroup section */
		2F20856019B8BC6E0061E60F = {
			isa = PBXGroup;
			children = (
				2F20857219B8BC6E0061E60F /* WhereWeAre */,
				2F20858B19B8BC6E0061E60F /* WhereWeAreTests */,
				2F20856B19B8BC6E0061E60F /* Frameworks */,
				2F20856A19B8BC6E0061E60F /* Products */,
			);
			sourceTree = "<group>";
		};
		2F20856A19B8BC6E0061E60F /* Products */ = {
			isa = PBXGroup;
			children = (
				2F20856919B8BC6E0061E60F /* WhereWeAre.app */,
				2F20858419B8BC6E0061E60F /* WhereWeAreTests.xctest */,
			);
			name = Products;
			sourceTree = "<group>";
		};
		2F20856B19B8BC6E0061E60F /* Frameworks */ = {
			isa = PBXGroup;
			children = (
				2F20856C19B8BC6E0061E60F /* Foundation.framework */,
				2F20856E19B8BC6E0061E60F /* CoreGraphics.framework */,
				2F20857019B8BC6E0061E60F /* UIKit.framework */,
				2F20858519B8BC6E0061E60F /* XCTest.framework */,
			);
			name = Frameworks;
			sourceTree = "<group>";
		};
		2F20857219B8BC6E0061E60F /* WhereWeAre */ = {
			isa = PBXGroup;
			children = (
				2F20857B19B8BC6E0061E60F /* LSAppDelegate.h */,
				2F20857C19B8BC6E0061E60F /* LSAppDelegate.m */,
				2F20857E19B8BC6E0061E60F /* Images.xcassets */,
				2F20857319B8BC6E0061E60F /* Supporting Files */,
				2F20859B19B8C03B0061E60F /* PushHandler.h */,
				2F20859C19B8C03B0061E60F /* PushHandler.m */,
			);
			path = WhereWeAre;
			sourceTree = "<group>";
		};
		2F20857319B8BC6E0061E60F /* Supporting Files */ = {
			isa = PBXGroup;
			children = (
				2F20857419B8BC6E0061E60F /* WhereWeAre-Info.plist */,
				2F20857519B8BC6E0061E60F /* InfoPlist.strings */,
				2F20857819B8BC6E0061E60F /* main.m */,
				2F20857A19B8BC6E0061E60F /* WhereWeAre-Prefix.pch */,
			);
			name = "Supporting Files";
			sourceTree = "<group>";
		};
		2F20858B19B8BC6E0061E60F /* WhereWeAreTests */ = {
			isa = PBXGroup;
			children = (
				2F20859119B8BC6E0061E60F /* WhereWeAreTests.m */,
				2F20858C19B8BC6E0061E60F /* Supporting Files */,
			);
			path = WhereWeAreTests;
			sourceTree = "<group>";
		};
		2F20858C19B8BC6E0061E60F /* Supporting Files */ = {
			isa = PBXGroup;
			children = (
				2F20858D19B8BC6E0061E60F /* WhereWeAreTests-Info.plist */,
				2F20858E19B8BC6E0061E60F /* InfoPlist.strings */,
			);
			name = "Supporting Files";
			sourceTree = "<group>";
		};
/* End PBXGroup section */

/* Begin PBXNativeTarget section */
		2F20856819B8BC6E0061E60F /* WhereWeAre */ = {
			isa = PBXNativeTarget;
			buildConfigurationList = 2F20859519B8BC6E0061E60F /* Build configuration list for PBXNativeTarget "WhereWeAre" */;
			buildPhases = (
				2F20856519B8BC6E0061E60F /* Sources */,
				2F20856619B8BC6E0061E60F /* Frameworks */,
				2F20856719B8BC6E0061E60F /* Resources */,
			);
			buildRules = (
			);
			dependencies = (
			);
			name = WhereWeAre;
			productName = WhereWeAre;
			productReference = 2F20856919B8BC6E0061E60F /* WhereWeAre.app */;
			productType = "com.apple.product-type.application";
		};
		2F20858319B8BC6E0061E60F /* WhereWeAreTests */ = {
			isa = PBXNativeTarget;
			buildConfigurationList = 2F20859819B8BC6E0061E60F /* Build configuration list for PBXNativeTarget "WhereWeAreTests" */;
			buildPhases = (
				2F20858019B8BC6E0061E60F /* Sources */,
				2F20858119B8BC6E0061E60F /* Frameworks */,
				2F20858219B8BC6E0061E60F /* Resources */,
			);
			buildRules = (
			);
			dependencies = (
				2F20858A19B8BC6E0061E60F /* PBXTargetDependency */,
			);
			name = WhereWeAreTests;
			productName = WhereWeAreTests;
			productReference = 2F20858419B8BC6E0061E60F /* WhereWeAreTests.xctest */;
			productType = "com.apple.product-type.bundle.unit-test";
		};
/* End PBXNativeTarget section */

/* Begin PBXProject section */
		2F20856119B8BC6E0061E60F /* Project object */ = {
			isa = PBXProject;
			attributes = {
				CLASSPREFIX = LS;
				LastUpgradeCheck = 0510;
				ORGANIZATIONNAME = com.sinri;
				TargetAttributes = {
					2F20856819B8BC6E0061E60F = {
						DevelopmentTeam = LW2C2PTSH8;
						SystemCapabilities = {
							com.apple.BackgroundModes = {
								enabled = 1;
							};
						};
					};
					2F20858319B8BC6E0061E60F = {
						TestTargetID = 2F20856819B8BC6E0061E60F;
					};
				};
			};
			buildConfigurationList = 2F20856419B8BC6E0061E60F /* Build configuration list for PBXProject "WhereWeAre" */;
			compatibilityVersion = "Xcode 3.2";
			developmentRegion = English;
			hasScannedForEncodings = 0;
			knownRegions = (
				en,
			);
			mainGroup = 2F20856019B8BC6E0061E60F;
			productRefGroup = 2F20856A19B8BC6E0061E60F /* Products */;
			projectDirPath = "";
			projectRoot = "";
			targets = (
				2F20856819B8BC6E0061E60F /* WhereWeAre */,
				2F20858319B8BC6E0061E60F /* WhereWeAreTests */,
			);
		};
/* End PBXProject section */

/* Begin PBXResourcesBuildPhase section */
		2F20856719B8BC6E0061E60F /* Resources */ = {
			isa = PBXResourcesBuildPhase;
			buildActionMask = 2147483647;
			files = (
				2F20857719B8BC6E0061E60F /* InfoPlist.strings in Resources */,
				2F20857F19B8BC6E0061E60F /* Images.xcassets in Resources */,
			);
			runOnlyForDeploymentPostprocessing = 0;
		};
		2F20858219B8BC6E0061E60F /* Resources */ = {
			isa = PBXResourcesBuildPhase;
			buildActionMask = 2147483647;
			files = (
				2F20859019B8BC6E0061E60F /* InfoPlist.strings in Resources */,
			);
			runOnlyForDeploymentPostprocessing = 0;
		};
/* End PBXResourcesBuildPhase section */

/* Begin PBXSourcesBuildPhase section */
		2F20856519B8BC6E0061E60F /* Sources */ = {
			isa = PBXSourcesBuildPhase;
			buildActionMask = 2147483647;
			files = (
				2F20857919B8BC6E0061E60F /* main.m in Sources */,
				2F20857D19B8BC6E0061E60F /* LSAppDelegate.m in Sources */,
				2F20859D19B8C03B0061E60F /* PushHandler.m in Sources */,
			);
			runOnlyForDeploymentPostprocessing = 0;
		};
		2F20858019B8BC6E0061E60F /* Sources */ = {
			isa = PBXSourcesBuildPhase;
			buildActionMask = 2147483647;
			files = (
				2F20859219B8BC6E0061E60F /* WhereWeAreTests.m in Sources */,
			);
			runOnlyForDeploymentPostprocessing = 0;
		};
/* End PBXSourcesBuildPhase section */

/* Begin PBXTargetDependency section */
		2F20858A19B8BC6E0061E60F /* PBXTargetDependency */ = {
			isa = PBXTargetDependency;
			target = 2F20856819B8BC6E0061E60F /* WhereWeAre */;
			targetProxy = 2F20858919B8BC6E0061E60F /* PBXContainerItemProxy */;
		};
/* End PBXTargetDependency section */

/* Begin PBXVariantGroup section */
		2F20857519B8BC6E0061E60F /* InfoPlist.strings */ = {
			isa = PBXVariantGroup;
			children = (
				2F20857619B8BC6E0061E60F /* en */,
			);
			name = InfoPlist.strings;
			sourceTree = "<group>";
		};
		2F20858E19B8BC6E0061E60F /* InfoPlist.strings */ = {
			isa = PBXVariantGroup;
			children = (
				2F20858F19B8BC6E0061E60F /* en */,
			);
			name = InfoPlist.strings;
			sourceTree = "<group>";
		};
/* End PBXVariantGroup section */

/* Begin XCBuildConfiguration section */
		2F20859319B8BC6E0061E60F /* Debug */ = {
			isa = XCBuildConfiguration;
			buildSettings = {
				ALWAYS_SEARCH_USER_PATHS = NO;
				CLANG_CXX_LANGUAGE_STANDARD = "gnu++0x";
				CLANG_CXX_LIBRARY = "libc++";
				CLANG_ENABLE_MODULES = YES;
				CLANG_ENABLE_OBJC_ARC = YES;
				CLANG_WARN_BOOL_CONVERSION = YES;
				CLANG_WARN_CONSTANT_CONVERSION = YES;
				CLANG_WARN_DIRECT_OBJC_ISA_USAGE = YES_ERROR;
				CLANG_WARN_EMPTY_BODY = YES;
				CLANG_WARN_ENUM_CONVERSION = YES;
				CLANG_WARN_INT_CONVERSION = YES;
				CLANG_WARN_OBJC_ROOT_CLASS = YES_ERROR;
				CLANG_WARN__DUPLICATE_METHOD_MATCH = YES;
				"CODE_SIGN_IDENTITY[sdk=iphoneos*]" = "iPhone Developer";
				COPY_PHASE_STRIP = NO;
				GCC_C_LANGUAGE_STANDARD = gnu99;
				GCC_DYNAMIC_NO_PIC = NO;
				GCC_OPTIMIZATION_LEVEL = 0;
				GCC_PREPROCESSOR_DEFINITIONS = (
					"DEBUG=1",
					"$(inherited)",
				);
				GCC_SYMBOLS_PRIVATE_EXTERN = NO;
				GCC_WARN_64_TO_32_BIT_CONVERSION = YES;
				GCC_WARN_ABOUT_RETURN_TYPE = YES_ERROR;
				GCC_WARN_UNDECLARED_SELECTOR = YES;
				GCC_WARN_UNINITIALIZED_AUTOS = YES_AGGRESSIVE;
				GCC_WARN_UNUSED_FUNCTION = YES;
				GCC_WARN_UNUSED_VARIABLE = YES;
				IPHONEOS_DEPLOYMENT_TARGET = 7.0;
				ONLY_ACTIVE_ARCH = YES;
				PROVISIONING_PROFILE = "9d8de718-af77-40c1-9961-abaa2f614e64";
				SDKROOT = iphoneos;
				TARGETED_DEVICE_FAMILY = "1,2";
			};
			name = Debug;
		};
		2F20859419B8BC6E0061E60F /* Release */ = {
			isa = XCBuildConfiguration;
			buildSettings = {
				ALWAYS_SEARCH_USER_PATHS = NO;
				CLANG_CXX_LANGUAGE_STANDARD = "gnu++0x";
				CLANG_CXX_LIBRARY = "libc++";
				CLANG_ENABLE_MODULES = YES;
				CLANG_ENABLE_OBJC_ARC = YES;
				CLANG_WARN_BOOL_CONVERSION = YES;
				CLANG_WARN_CONSTANT_CONVERSION = YES;
				CLANG_WARN_DIRECT_OBJC_ISA_USAGE = YES_ERROR;
				CLANG_WARN_EMPTY_BODY = YES;
				CLANG_WARN_ENUM_CONVERSION = YES;
				CLANG_WARN_INT_CONVERSION = YES;
				CLANG_WARN_OBJC_ROOT_CLASS = YES_ERROR;
				CLANG_WARN__DUPLICATE_METHOD_MATCH = YES;
				"CODE_SIGN_IDENTITY[sdk=iphoneos*]" = "iPhone Developer";
				COPY_PHASE_STRIP = YES;
				ENABLE_NS_ASSERTIONS = NO;
				GCC_C_LANGUAGE_STANDARD = gnu99;
				GCC_WARN_64_TO_32_BIT_CONVERSION = YES;
				GCC_WARN_ABOUT_RETURN_TYPE = YES_ERROR;
				GCC_WARN_UNDECLARED_SELECTOR = YES;
				GCC_WARN_UNINITIALIZED_AUTOS = YES_AGGRESSIVE;
				GCC_WARN_UNUSED_FUNCTION = YES;
				GCC_WARN_UNUSED_VARIABLE = YES;
				IPHONEOS_DEPLOYMENT_TARGET = 7.0;
				PROVISIONING_PROFILE = "9d8de718-af77-40c1-9961-abaa2f614e64";
				SDKROOT = iphoneos;
				TARGETED_DEVICE_FAMILY = "1,2";
				VALIDATE_PRODUCT = YES;
			};
			name = Release;
		};
		2F20859619B8BC6E0061E60F /* Debug */ = {
			isa = XCBuildConfiguration;
			buildSettings = {
				ASSETCATALOG_COMPILER_APPICON_NAME = AppIcon;
				ASSETCATALOG_COMPILER_LAUNCHIMAGE_NAME = LaunchImage;
				CODE_SIGN_IDENTITY = "iPhone Developer";
				GCC_PRECOMPILE_PREFIX_HEADER = YES;
				GCC_PREFIX_HEADER = "WhereWeAre/WhereWeAre-Prefix.pch";
				INFOPLIST_FILE = "WhereWeAre/WhereWeAre-Info.plist";
				IPHONEOS_DEPLOYMENT_TARGET = 7.0;
				PRODUCT_NAME = "$(TARGET_NAME)";
				WRAPPER_EXTENSION = app;
			};
			name = Debug;
		};
		2F20859719B8BC6E0061E60F /* Release */ = {
			isa = XCBuildConfiguration;
			buildSettings = {
				ASSETCATALOG_COMPILER_APPICON_NAME = AppIcon;
				ASSETCATALOG_COMPILER_LAUNCHIMAGE_NAME = LaunchImage;
				CODE_SIGN_IDENTITY = "iPhone Developer";
				GCC_PRECOMPILE_PREFIX_HEADER = YES;
				GCC_PREFIX_HEADER = "WhereWeAre/WhereWeAre-Prefix.pch";
				INFOPLIST_FILE = "WhereWeAre/WhereWeAre-Info.plist";
				IPHONEOS_DEPLOYMENT_TARGET = 7.0;
				PRODUCT_NAME = "$(TARGET_NAME)";
				WRAPPER_EXTENSION = app;
			};
			name = Release;
		};
		2F20859919B8BC6E0061E60F /* Debug */ = {
			isa = XCBuildConfiguration;
			buildSettings = {
				BUNDLE_LOADER = "$(BUILT_PRODUCTS_DIR)/WhereWeAre.app/WhereWeAre";
				FRAMEWORK_SEARCH_PATHS = (
					"$(SDKROOT)/Developer/Library/Frameworks",
					"$(inherited)",
					"$(DEVELOPER_FRAMEWORKS_DIR)",
				);
				GCC_PRECOMPILE_PREFIX_HEADER = YES;
				GCC_PREFIX_HEADER = "WhereWeAre/WhereWeAre-Prefix.pch";
				GCC_PREPROCESSOR_DEFINITIONS = (
					"DEBUG=1",
					"$(inherited)",
				);
				INFOPLIST_FILE = "WhereWeAreTests/WhereWeAreTests-Info.plist";
				PRODUCT_NAME = "$(TARGET_NAME)";
				TEST_HOST = "$(BUNDLE_LOADER)";
				WRAPPER_EXTENSION = xctest;
			};
			name = Debug;
		};
		2F20859A19B8BC6E0061E60F /* Release */ = {
			isa = XCBuildConfiguration;
			buildSettings = {
				BUNDLE_LOADER = "$(BUILT_PRODUCTS_DIR)/WhereWeAre.app/WhereWeAre";
				FRAMEWORK_SEARCH_PATHS = (
					"$(SDKROOT)/Developer/Library/Frameworks",
					"$(inherited)",
					"$(DEVELOPER_FRAMEWORKS_DIR)",
				);
				GCC_PRECOMPILE_PREFIX_HEADER = YES;
				GCC_PREFIX_HEADER = "WhereWeAre/WhereWeAre-Prefix.pch";
				INFOPLIST_FILE = "WhereWeAreTests/WhereWeAreTests-Info.plist";
				PRODUCT_NAME = "$(TARGET_NAME)";
				TEST_HOST = "$(BUNDLE_LOADER)";
				WRAPPER_EXTENSION = xctest;
			};
			name = Release;
		};
/* End XCBuildConfiguration section */

/* Begin XCConfigurationList section */
		2F20856419B8BC6E0061E60F /* Build configuration list for PBXProject "WhereWeAre" */ = {
			isa = XCConfigurationList;
			buildConfigurations = (
				2F20859319B8BC6E0061E60F /* Debug */,
				2F20859419B8BC6E0061E60F /* Release */,
			);
			defaultConfigurationIsVisible = 0;
			defaultConfigurationName = Release;
		};
		2F20859519B8BC6E0061E60F /* Build configuration list for PBXNativeTarget "WhereWeAre" */ = {
			isa = XCConfigurationList;
			buildConfigurations = (
				2F20859619B8BC6E0061E60F /* Debug */,
				2F20859719B8BC6E0061E60F /* Release */,
			);
			defaultConfigurationIsVisible = 0;
		};
		2F20859819B8BC6E0061E60F /* Build configuration list for PBXNativeTarget "WhereWeAreTests" */ = {
			isa = XCConfigurationList;
			buildConfigurations = (
				2F20859919B8BC6E0061E60F /* Debug */,
				2F20859A19B8BC6E0061E60F /* Release */,
			);
			defaultConfigurationIsVisible = 0;
		};
/* End XCConfigurationList section */
	};
	rootObject = 2F20856119B8BC6E0061E60F /* Project object */;
}
